// !$*UTF8*$!
{
	archiveVersion = 1;
	classes = {
	};
	objectVersion = 55;
	objects = {

/* Begin PBXBuildFile section */
		A91FB633272C683C0078E563 /* Constants.swift in Sources */ = {isa = PBXBuildFile; fileRef = A91FB632272C683C0078E563 /* Constants.swift */; };
		A91FB637272C6E530078E563 /* ThingCardView.swift in Sources */ = {isa = PBXBuildFile; fileRef = A91FB636272C6E530078E563 /* ThingCardView.swift */; };
		A95E8F10272597DD00D52B24 /* GTDApp.swift in Sources */ = {isa = PBXBuildFile; fileRef = A95E8F0F272597DD00D52B24 /* GTDApp.swift */; };
		A95E8F12272597DD00D52B24 /* ContentView.swift in Sources */ = {isa = PBXBuildFile; fileRef = A95E8F11272597DD00D52B24 /* ContentView.swift */; };
		A95E8F14272597E100D52B24 /* Assets.xcassets in Resources */ = {isa = PBXBuildFile; fileRef = A95E8F13272597E100D52B24 /* Assets.xcassets */; };
		A95E8F17272597E100D52B24 /* Preview Assets.xcassets in Resources */ = {isa = PBXBuildFile; fileRef = A95E8F16272597E100D52B24 /* Preview Assets.xcassets */; };
		A95E8F19272597E100D52B24 /* Persistence.swift in Sources */ = {isa = PBXBuildFile; fileRef = A95E8F18272597E100D52B24 /* Persistence.swift */; };
		A95E8F1C272597E100D52B24 /* GTD.xcdatamodeld in Sources */ = {isa = PBXBuildFile; fileRef = A95E8F1A272597E100D52B24 /* GTD.xcdatamodeld */; };
		A95E8F26272597E100D52B24 /* GTDTests.swift in Sources */ = {isa = PBXBuildFile; fileRef = A95E8F25272597E100D52B24 /* GTDTests.swift */; };
		A95E8F30272597E100D52B24 /* GTDUITests.swift in Sources */ = {isa = PBXBuildFile; fileRef = A95E8F2F272597E100D52B24 /* GTDUITests.swift */; };
		A95E8F32272597E100D52B24 /* GTDUITestsLaunchTests.swift in Sources */ = {isa = PBXBuildFile; fileRef = A95E8F31272597E100D52B24 /* GTDUITestsLaunchTests.swift */; };
		A95E8F3F27259CE700D52B24 /* HomeView.swift in Sources */ = {isa = PBXBuildFile; fileRef = A95E8F3E27259CE700D52B24 /* HomeView.swift */; };
		A95E8F422725A2AE00D52B24 /* Thing.swift in Sources */ = {isa = PBXBuildFile; fileRef = A95E8F412725A2AE00D52B24 /* Thing.swift */; };
		A95E8F442725A49000D52B24 /* Tags.swift in Sources */ = {isa = PBXBuildFile; fileRef = A95E8F432725A49000D52B24 /* Tags.swift */; };
		A95E8F4B2725AC0700D52B24 /* Stack.swift in Sources */ = {isa = PBXBuildFile; fileRef = A95E8F4A2725AC0700D52B24 /* Stack.swift */; };
		A95E8F4D2725ACA900D52B24 /* Workspace.swift in Sources */ = {isa = PBXBuildFile; fileRef = A95E8F4C2725ACA900D52B24 /* Workspace.swift */; };
		A99DF673272C0DAC00C34669 /* WorkspaceView.swift in Sources */ = {isa = PBXBuildFile; fileRef = A99DF672272C0DAC00C34669 /* WorkspaceView.swift */; };
		A99DF675272C0E3B00C34669 /* ThingView.swift in Sources */ = {isa = PBXBuildFile; fileRef = A99DF674272C0E3B00C34669 /* ThingView.swift */; };
		A9AE264F2728AC1900889867 /* Preferences.swift in Sources */ = {isa = PBXBuildFile; fileRef = A9AE264E2728AC1900889867 /* Preferences.swift */; };
		A9B402F5272D35C6006CECB8 /* StackView.swift in Sources */ = {isa = PBXBuildFile; fileRef = A9B402F4272D35C6006CECB8 /* StackView.swift */; };
		A9B402F7272D3FCE006CECB8 /* NewThingView.swift in Sources */ = {isa = PBXBuildFile; fileRef = A9B402F6272D3FCD006CECB8 /* NewThingView.swift */; };
		A9C9FEE12725C84B00BF2248 /* ColorPalette.swift in Sources */ = {isa = PBXBuildFile; fileRef = A9C9FEE02725C84B00BF2248 /* ColorPalette.swift */; };
		A9C9FEE32725CB8100BF2248 /* StackType.swift in Sources */ = {isa = PBXBuildFile; fileRef = A9C9FEE22725CB8100BF2248 /* StackType.swift */; };
/* End PBXBuildFile section */

/* Begin PBXContainerItemProxy section */
		A95E8F22272597E100D52B24 /* PBXContainerItemProxy */ = {
			isa = PBXContainerItemProxy;
			containerPortal = A95E8F04272597DD00D52B24 /* Project object */;
			proxyType = 1;
			remoteGlobalIDString = A95E8F0B272597DD00D52B24;
			remoteInfo = GTD;
		};
		A95E8F2C272597E100D52B24 /* PBXContainerItemProxy */ = {
			isa = PBXContainerItemProxy;
			containerPortal = A95E8F04272597DD00D52B24 /* Project object */;
			proxyType = 1;
			remoteGlobalIDString = A95E8F0B272597DD00D52B24;
			remoteInfo = GTD;
		};
/* End PBXContainerItemProxy section */

/* Begin PBXFileReference section */
		A91FB632272C683C0078E563 /* Constants.swift */ = {isa = PBXFileReference; lastKnownFileType = sourcecode.swift; path = Constants.swift; sourceTree = "<group>"; };
		A91FB636272C6E530078E563 /* ThingCardView.swift */ = {isa = PBXFileReference; lastKnownFileType = sourcecode.swift; path = ThingCardView.swift; sourceTree = "<group>"; };
		A95E8F0C272597DD00D52B24 /* GTD.app */ = {isa = PBXFileReference; explicitFileType = wrapper.application; includeInIndex = 0; path = GTD.app; sourceTree = BUILT_PRODUCTS_DIR; };
		A95E8F0F272597DD00D52B24 /* GTDApp.swift */ = {isa = PBXFileReference; lastKnownFileType = sourcecode.swift; path = GTDApp.swift; sourceTree = "<group>"; };
		A95E8F11272597DD00D52B24 /* ContentView.swift */ = {isa = PBXFileReference; lastKnownFileType = sourcecode.swift; path = ContentView.swift; sourceTree = "<group>"; };
		A95E8F13272597E100D52B24 /* Assets.xcassets */ = {isa = PBXFileReference; lastKnownFileType = folder.assetcatalog; path = Assets.xcassets; sourceTree = "<group>"; };
		A95E8F16272597E100D52B24 /* Preview Assets.xcassets */ = {isa = PBXFileReference; lastKnownFileType = folder.assetcatalog; path = "Preview Assets.xcassets"; sourceTree = "<group>"; };
		A95E8F18272597E100D52B24 /* Persistence.swift */ = {isa = PBXFileReference; lastKnownFileType = sourcecode.swift; path = Persistence.swift; sourceTree = "<group>"; };
		A95E8F1B272597E100D52B24 /* GTD.xcdatamodel */ = {isa = PBXFileReference; lastKnownFileType = wrapper.xcdatamodel; path = GTD.xcdatamodel; sourceTree = "<group>"; };
		A95E8F21272597E100D52B24 /* GTDTests.xctest */ = {isa = PBXFileReference; explicitFileType = wrapper.cfbundle; includeInIndex = 0; path = GTDTests.xctest; sourceTree = BUILT_PRODUCTS_DIR; };
		A95E8F25272597E100D52B24 /* GTDTests.swift */ = {isa = PBXFileReference; lastKnownFileType = sourcecode.swift; path = GTDTests.swift; sourceTree = "<group>"; };
		A95E8F2B272597E100D52B24 /* GTDUITests.xctest */ = {isa = PBXFileReference; explicitFileType = wrapper.cfbundle; includeInIndex = 0; path = GTDUITests.xctest; sourceTree = BUILT_PRODUCTS_DIR; };
		A95E8F2F272597E100D52B24 /* GTDUITests.swift */ = {isa = PBXFileReference; lastKnownFileType = sourcecode.swift; path = GTDUITests.swift; sourceTree = "<group>"; };
		A95E8F31272597E100D52B24 /* GTDUITestsLaunchTests.swift */ = {isa = PBXFileReference; lastKnownFileType = sourcecode.swift; path = GTDUITestsLaunchTests.swift; sourceTree = "<group>"; };
		A95E8F3E27259CE700D52B24 /* HomeView.swift */ = {isa = PBXFileReference; lastKnownFileType = sourcecode.swift; path = HomeView.swift; sourceTree = "<group>"; };
		A95E8F412725A2AE00D52B24 /* Thing.swift */ = {isa = PBXFileReference; lastKnownFileType = sourcecode.swift; path = Thing.swift; sourceTree = "<group>"; };
		A95E8F432725A49000D52B24 /* Tags.swift */ = {isa = PBXFileReference; lastKnownFileType = sourcecode.swift; path = Tags.swift; sourceTree = "<group>"; };
		A95E8F4A2725AC0700D52B24 /* Stack.swift */ = {isa = PBXFileReference; lastKnownFileType = sourcecode.swift; path = Stack.swift; sourceTree = "<group>"; };
		A95E8F4C2725ACA900D52B24 /* Workspace.swift */ = {isa = PBXFileReference; lastKnownFileType = sourcecode.swift; path = Workspace.swift; sourceTree = "<group>"; };
		A99DF672272C0DAC00C34669 /* WorkspaceView.swift */ = {isa = PBXFileReference; lastKnownFileType = sourcecode.swift; path = WorkspaceView.swift; sourceTree = "<group>"; };
		A99DF674272C0E3B00C34669 /* ThingView.swift */ = {isa = PBXFileReference; lastKnownFileType = sourcecode.swift; path = ThingView.swift; sourceTree = "<group>"; };
		A9AE264E2728AC1900889867 /* Preferences.swift */ = {isa = PBXFileReference; lastKnownFileType = sourcecode.swift; path = Preferences.swift; sourceTree = "<group>"; };
		A9B402F4272D35C6006CECB8 /* StackView.swift */ = {isa = PBXFileReference; lastKnownFileType = sourcecode.swift; path = StackView.swift; sourceTree = "<group>"; };
		A9B402F6272D3FCD006CECB8 /* NewThingView.swift */ = {isa = PBXFileReference; lastKnownFileType = sourcecode.swift; path = NewThingView.swift; sourceTree = "<group>"; };
		A9C9FEE02725C84B00BF2248 /* ColorPalette.swift */ = {isa = PBXFileReference; lastKnownFileType = sourcecode.swift; path = ColorPalette.swift; sourceTree = "<group>"; };
		A9C9FEE22725CB8100BF2248 /* StackType.swift */ = {isa = PBXFileReference; lastKnownFileType = sourcecode.swift; path = StackType.swift; sourceTree = "<group>"; };
/* End PBXFileReference section */

/* Begin PBXFrameworksBuildPhase section */
		A95E8F09272597DD00D52B24 /* Frameworks */ = {
			isa = PBXFrameworksBuildPhase;
			buildActionMask = 2147483647;
			files = (
			);
			runOnlyForDeploymentPostprocessing = 0;
		};
		A95E8F1E272597E100D52B24 /* Frameworks */ = {
			isa = PBXFrameworksBuildPhase;
			buildActionMask = 2147483647;
			files = (
			);
			runOnlyForDeploymentPostprocessing = 0;
		};
		A95E8F28272597E100D52B24 /* Frameworks */ = {
			isa = PBXFrameworksBuildPhase;
			buildActionMask = 2147483647;
			files = (
			);
			runOnlyForDeploymentPostprocessing = 0;
		};
/* End PBXFrameworksBuildPhase section */

/* Begin PBXGroup section */
		A95E8F03272597DD00D52B24 = {
			isa = PBXGroup;
			children = (
				A95E8F0E272597DD00D52B24 /* GTD */,
				A95E8F24272597E100D52B24 /* GTDTests */,
				A95E8F2E272597E100D52B24 /* GTDUITests */,
				A95E8F0D272597DD00D52B24 /* Products */,
			);
			sourceTree = "<group>";
		};
		A95E8F0D272597DD00D52B24 /* Products */ = {
			isa = PBXGroup;
			children = (
				A95E8F0C272597DD00D52B24 /* GTD.app */,
				A95E8F21272597E100D52B24 /* GTDTests.xctest */,
				A95E8F2B272597E100D52B24 /* GTDUITests.xctest */,
			);
			name = Products;
			sourceTree = "<group>";
		};
		A95E8F0E272597DD00D52B24 /* GTD */ = {
			isa = PBXGroup;
			children = (
				A95E8F0F272597DD00D52B24 /* GTDApp.swift */,
				A95E8F11272597DD00D52B24 /* ContentView.swift */,
				A99DF671272C0D4C00C34669 /* View */,
				A95E8F402725A2A000D52B24 /* Model */,
				A95E8F13272597E100D52B24 /* Assets.xcassets */,
				A95E8F18272597E100D52B24 /* Persistence.swift */,
				A95E8F1A272597E100D52B24 /* GTD.xcdatamodeld */,
				A95E8F15272597E100D52B24 /* Preview Content */,
			);
			path = GTD;
			sourceTree = "<group>";
		};
		A95E8F15272597E100D52B24 /* Preview Content */ = {
			isa = PBXGroup;
			children = (
				A95E8F16272597E100D52B24 /* Preview Assets.xcassets */,
			);
			path = "Preview Content";
			sourceTree = "<group>";
		};
		A95E8F24272597E100D52B24 /* GTDTests */ = {
			isa = PBXGroup;
			children = (
				A95E8F25272597E100D52B24 /* GTDTests.swift */,
			);
			path = GTDTests;
			sourceTree = "<group>";
		};
		A95E8F2E272597E100D52B24 /* GTDUITests */ = {
			isa = PBXGroup;
			children = (
				A95E8F2F272597E100D52B24 /* GTDUITests.swift */,
				A95E8F31272597E100D52B24 /* GTDUITestsLaunchTests.swift */,
			);
			path = GTDUITests;
			sourceTree = "<group>";
		};
		A95E8F402725A2A000D52B24 /* Model */ = {
			isa = PBXGroup;
			children = (
				A95E8F412725A2AE00D52B24 /* Thing.swift */,
				A95E8F432725A49000D52B24 /* Tags.swift */,
				A9C9FEE02725C84B00BF2248 /* ColorPalette.swift */,
				A95E8F4A2725AC0700D52B24 /* Stack.swift */,
				A9C9FEE22725CB8100BF2248 /* StackType.swift */,
				A95E8F4C2725ACA900D52B24 /* Workspace.swift */,
				A9AE264E2728AC1900889867 /* Preferences.swift */,
			);
			path = Model;
			sourceTree = "<group>";
		};
		A99DF671272C0D4C00C34669 /* View */ = {
			isa = PBXGroup;
			children = (
				A95E8F3E27259CE700D52B24 /* HomeView.swift */,
				A9B402F6272D3FCD006CECB8 /* NewThingView.swift */,
				A99DF672272C0DAC00C34669 /* WorkspaceView.swift */,
				A99DF674272C0E3B00C34669 /* ThingView.swift */,
				A9B402F4272D35C6006CECB8 /* StackView.swift */,
				A91FB636272C6E530078E563 /* ThingCardView.swift */,
				A91FB632272C683C0078E563 /* Constants.swift */,
			);
			path = View;
			sourceTree = "<group>";
		};
/* End PBXGroup section */

/* Begin PBXNativeTarget section */
		A95E8F0B272597DD00D52B24 /* GTD */ = {
			isa = PBXNativeTarget;
			buildConfigurationList = A95E8F35272597E100D52B24 /* Build configuration list for PBXNativeTarget "GTD" */;
			buildPhases = (
				A95E8F08272597DD00D52B24 /* Sources */,
				A95E8F09272597DD00D52B24 /* Frameworks */,
				A95E8F0A272597DD00D52B24 /* Resources */,
			);
			buildRules = (
			);
			dependencies = (
			);
			name = GTD;
			productName = GTD;
			productReference = A95E8F0C272597DD00D52B24 /* GTD.app */;
			productType = "com.apple.product-type.application";
		};
		A95E8F20272597E100D52B24 /* GTDTests */ = {
			isa = PBXNativeTarget;
			buildConfigurationList = A95E8F38272597E100D52B24 /* Build configuration list for PBXNativeTarget "GTDTests" */;
			buildPhases = (
				A95E8F1D272597E100D52B24 /* Sources */,
				A95E8F1E272597E100D52B24 /* Frameworks */,
				A95E8F1F272597E100D52B24 /* Resources */,
			);
			buildRules = (
			);
			dependencies = (
				A95E8F23272597E100D52B24 /* PBXTargetDependency */,
			);
			name = GTDTests;
			productName = GTDTests;
			productReference = A95E8F21272597E100D52B24 /* GTDTests.xctest */;
			productType = "com.apple.product-type.bundle.unit-test";
		};
		A95E8F2A272597E100D52B24 /* GTDUITests */ = {
			isa = PBXNativeTarget;
			buildConfigurationList = A95E8F3B272597E100D52B24 /* Build configuration list for PBXNativeTarget "GTDUITests" */;
			buildPhases = (
				A95E8F27272597E100D52B24 /* Sources */,
				A95E8F28272597E100D52B24 /* Frameworks */,
				A95E8F29272597E100D52B24 /* Resources */,
			);
			buildRules = (
			);
			dependencies = (
				A95E8F2D272597E100D52B24 /* PBXTargetDependency */,
			);
			name = GTDUITests;
			productName = GTDUITests;
			productReference = A95E8F2B272597E100D52B24 /* GTDUITests.xctest */;
			productType = "com.apple.product-type.bundle.ui-testing";
		};
/* End PBXNativeTarget section */

/* Begin PBXProject section */
		A95E8F04272597DD00D52B24 /* Project object */ = {
			isa = PBXProject;
			attributes = {
				BuildIndependentTargetsInParallel = 1;
				LastSwiftUpdateCheck = 1300;
				LastUpgradeCheck = 1300;
				TargetAttributes = {
					A95E8F0B272597DD00D52B24 = {
						CreatedOnToolsVersion = 13.0;
					};
					A95E8F20272597E100D52B24 = {
						CreatedOnToolsVersion = 13.0;
						TestTargetID = A95E8F0B272597DD00D52B24;
					};
					A95E8F2A272597E100D52B24 = {
						CreatedOnToolsVersion = 13.0;
						TestTargetID = A95E8F0B272597DD00D52B24;
					};
				};
			};
			buildConfigurationList = A95E8F07272597DD00D52B24 /* Build configuration list for PBXProject "GTD" */;
			compatibilityVersion = "Xcode 13.0";
			developmentRegion = en;
			hasScannedForEncodings = 0;
			knownRegions = (
				en,
				Base,
			);
			mainGroup = A95E8F03272597DD00D52B24;
			packageReferences = (
			);
			productRefGroup = A95E8F0D272597DD00D52B24 /* Products */;
			projectDirPath = "";
			projectRoot = "";
			targets = (
				A95E8F0B272597DD00D52B24 /* GTD */,
				A95E8F20272597E100D52B24 /* GTDTests */,
				A95E8F2A272597E100D52B24 /* GTDUITests */,
			);
		};
/* End PBXProject section */

/* Begin PBXResourcesBuildPhase section */
		A95E8F0A272597DD00D52B24 /* Resources */ = {
			isa = PBXResourcesBuildPhase;
			buildActionMask = 2147483647;
			files = (
				A95E8F17272597E100D52B24 /* Preview Assets.xcassets in Resources */,
				A95E8F14272597E100D52B24 /* Assets.xcassets in Resources */,
			);
			runOnlyForDeploymentPostprocessing = 0;
		};
		A95E8F1F272597E100D52B24 /* Resources */ = {
			isa = PBXResourcesBuildPhase;
			buildActionMask = 2147483647;
			files = (
			);
			runOnlyForDeploymentPostprocessing = 0;
		};
		A95E8F29272597E100D52B24 /* Resources */ = {
			isa = PBXResourcesBuildPhase;
			buildActionMask = 2147483647;
			files = (
			);
			runOnlyForDeploymentPostprocessing = 0;
		};
/* End PBXResourcesBuildPhase section */

/* Begin PBXSourcesBuildPhase section */
		A95E8F08272597DD00D52B24 /* Sources */ = {
			isa = PBXSourcesBuildPhase;
			buildActionMask = 2147483647;
			files = (
				A95E8F19272597E100D52B24 /* Persistence.swift in Sources */,
				A99DF673272C0DAC00C34669 /* WorkspaceView.swift in Sources */,
				A9B402F7272D3FCE006CECB8 /* NewThingView.swift in Sources */,
				A95E8F422725A2AE00D52B24 /* Thing.swift in Sources */,
				A9AE264F2728AC1900889867 /* Preferences.swift in Sources */,
				A95E8F442725A49000D52B24 /* Tags.swift in Sources */,
				A91FB633272C683C0078E563 /* Constants.swift in Sources */,
				A95E8F12272597DD00D52B24 /* ContentView.swift in Sources */,
				A95E8F10272597DD00D52B24 /* GTDApp.swift in Sources */,
				A95E8F4B2725AC0700D52B24 /* Stack.swift in Sources */,
				A91FB637272C6E530078E563 /* ThingCardView.swift in Sources */,
				A95E8F3F27259CE700D52B24 /* HomeView.swift in Sources */,
				A95E8F4D2725ACA900D52B24 /* Workspace.swift in Sources */,
				A9C9FEE32725CB8100BF2248 /* StackType.swift in Sources */,
				A9B402F5272D35C6006CECB8 /* StackView.swift in Sources */,
				A99DF675272C0E3B00C34669 /* ThingView.swift in Sources */,
				A95E8F1C272597E100D52B24 /* GTD.xcdatamodeld in Sources */,
				A9C9FEE12725C84B00BF2248 /* ColorPalette.swift in Sources */,
			);
			runOnlyForDeploymentPostprocessing = 0;
		};
		A95E8F1D272597E100D52B24 /* Sources */ = {
			isa = PBXSourcesBuildPhase;
			buildActionMask = 2147483647;
			files = (
				A95E8F26272597E100D52B24 /* GTDTests.swift in Sources */,
			);
			runOnlyForDeploymentPostprocessing = 0;
		};
		A95E8F27272597E100D52B24 /* Sources */ = {
			isa = PBXSourcesBuildPhase;
			buildActionMask = 2147483647;
			files = (
				A95E8F32272597E100D52B24 /* GTDUITestsLaunchTests.swift in Sources */,
				A95E8F30272597E100D52B24 /* GTDUITests.swift in Sources */,
			);
			runOnlyForDeploymentPostprocessing = 0;
		};
/* End PBXSourcesBuildPhase section */

/* Begin PBXTargetDependency section */
		A95E8F23272597E100D52B24 /* PBXTargetDependency */ = {
			isa = PBXTargetDependency;
			target = A95E8F0B272597DD00D52B24 /* GTD */;
			targetProxy = A95E8F22272597E100D52B24 /* PBXContainerItemProxy */;
		};
		A95E8F2D272597E100D52B24 /* PBXTargetDependency */ = {
			isa = PBXTargetDependency;
			target = A95E8F0B272597DD00D52B24 /* GTD */;
			targetProxy = A95E8F2C272597E100D52B24 /* PBXContainerItemProxy */;
		};
/* End PBXTargetDependency section */

/* Begin XCBuildConfiguration section */
		A95E8F33272597E100D52B24 /* Debug */ = {
			isa = XCBuildConfiguration;
			buildSettings = {
				ALWAYS_SEARCH_USER_PATHS = NO;
				CLANG_ANALYZER_NONNULL = YES;
				CLANG_ANALYZER_NUMBER_OBJECT_CONVERSION = YES_AGGRESSIVE;
				CLANG_CXX_LANGUAGE_STANDARD = "gnu++17";
				CLANG_CXX_LIBRARY = "libc++";
				CLANG_ENABLE_MODULES = YES;
				CLANG_ENABLE_OBJC_ARC = YES;
				CLANG_ENABLE_OBJC_WEAK = YES;
				CLANG_WARN_BLOCK_CAPTURE_AUTORELEASING = YES;
				CLANG_WARN_BOOL_CONVERSION = YES;
				CLANG_WARN_COMMA = YES;
				CLANG_WARN_CONSTANT_CONVERSION = YES;
				CLANG_WARN_DEPRECATED_OBJC_IMPLEMENTATIONS = YES;
				CLANG_WARN_DIRECT_OBJC_ISA_USAGE = YES_ERROR;
				CLANG_WARN_DOCUMENTATION_COMMENTS = YES;
				CLANG_WARN_EMPTY_BODY = YES;
				CLANG_WARN_ENUM_CONVERSION = YES;
				CLANG_WARN_INFINITE_RECURSION = YES;
				CLANG_WARN_INT_CONVERSION = YES;
				CLANG_WARN_NON_LITERAL_NULL_CONVERSION = YES;
				CLANG_WARN_OBJC_IMPLICIT_RETAIN_SELF = YES;
				CLANG_WARN_OBJC_LITERAL_CONVERSION = YES;
				CLANG_WARN_OBJC_ROOT_CLASS = YES_ERROR;
				CLANG_WARN_QUOTED_INCLUDE_IN_FRAMEWORK_HEADER = YES;
				CLANG_WARN_RANGE_LOOP_ANALYSIS = YES;
				CLANG_WARN_STRICT_PROTOTYPES = YES;
				CLANG_WARN_SUSPICIOUS_MOVE = YES;
				CLANG_WARN_UNGUARDED_AVAILABILITY = YES_AGGRESSIVE;
				CLANG_WARN_UNREACHABLE_CODE = YES;
				CLANG_WARN__DUPLICATE_METHOD_MATCH = YES;
				COPY_PHASE_STRIP = NO;
				DEBUG_INFORMATION_FORMAT = dwarf;
				ENABLE_STRICT_OBJC_MSGSEND = YES;
				ENABLE_TESTABILITY = YES;
				GCC_C_LANGUAGE_STANDARD = gnu11;
				GCC_DYNAMIC_NO_PIC = NO;
				GCC_NO_COMMON_BLOCKS = YES;
				GCC_OPTIMIZATION_LEVEL = 0;
				GCC_PREPROCESSOR_DEFINITIONS = (
					"DEBUG=1",
					"$(inherited)",
				);
				GCC_WARN_64_TO_32_BIT_CONVERSION = YES;
				GCC_WARN_ABOUT_RETURN_TYPE = YES_ERROR;
				GCC_WARN_UNDECLARED_SELECTOR = YES;
				GCC_WARN_UNINITIALIZED_AUTOS = YES_AGGRESSIVE;
				GCC_WARN_UNUSED_FUNCTION = YES;
				GCC_WARN_UNUSED_VARIABLE = YES;
				IPHONEOS_DEPLOYMENT_TARGET = 15.0;
				MTL_ENABLE_DEBUG_INFO = INCLUDE_SOURCE;
				MTL_FAST_MATH = YES;
				ONLY_ACTIVE_ARCH = YES;
				SDKROOT = iphoneos;
				SWIFT_ACTIVE_COMPILATION_CONDITIONS = DEBUG;
				SWIFT_OPTIMIZATION_LEVEL = "-Onone";
			};
			name = Debug;
		};
		A95E8F34272597E100D52B24 /* Release */ = {
			isa = XCBuildConfiguration;
			buildSettings = {
				ALWAYS_SEARCH_USER_PATHS = NO;
				CLANG_ANALYZER_NONNULL = YES;
				CLANG_ANALYZER_NUMBER_OBJECT_CONVERSION = YES_AGGRESSIVE;
				CLANG_CXX_LANGUAGE_STANDARD = "gnu++17";
				CLANG_CXX_LIBRARY = "libc++";
				CLANG_ENABLE_MODULES = YES;
				CLANG_ENABLE_OBJC_ARC = YES;
				CLANG_ENABLE_OBJC_WEAK = YES;
				CLANG_WARN_BLOCK_CAPTURE_AUTORELEASING = YES;
				CLANG_WARN_BOOL_CONVERSION = YES;
				CLANG_WARN_COMMA = YES;
				CLANG_WARN_CONSTANT_CONVERSION = YES;
				CLANG_WARN_DEPRECATED_OBJC_IMPLEMENTATIONS = YES;
				CLANG_WARN_DIRECT_OBJC_ISA_USAGE = YES_ERROR;
				CLANG_WARN_DOCUMENTATION_COMMENTS = YES;
				CLANG_WARN_EMPTY_BODY = YES;
				CLANG_WARN_ENUM_CONVERSION = YES;
				CLANG_WARN_INFINITE_RECURSION = YES;
				CLANG_WARN_INT_CONVERSION = YES;
				CLANG_WARN_NON_LITERAL_NULL_CONVERSION = YES;
				CLANG_WARN_OBJC_IMPLICIT_RETAIN_SELF = YES;
				CLANG_WARN_OBJC_LITERAL_CONVERSION = YES;
				CLANG_WARN_OBJC_ROOT_CLASS = YES_ERROR;
				CLANG_WARN_QUOTED_INCLUDE_IN_FRAMEWORK_HEADER = YES;
				CLANG_WARN_RANGE_LOOP_ANALYSIS = YES;
				CLANG_WARN_STRICT_PROTOTYPES = YES;
				CLANG_WARN_SUSPICIOUS_MOVE = YES;
				CLANG_WARN_UNGUARDED_AVAILABILITY = YES_AGGRESSIVE;
				CLANG_WARN_UNREACHABLE_CODE = YES;
				CLANG_WARN__DUPLICATE_METHOD_MATCH = YES;
				COPY_PHASE_STRIP = NO;
				DEBUG_INFORMATION_FORMAT = "dwarf-with-dsym";
				ENABLE_NS_ASSERTIONS = NO;
				ENABLE_STRICT_OBJC_MSGSEND = YES;
				GCC_C_LANGUAGE_STANDARD = gnu11;
				GCC_NO_COMMON_BLOCKS = YES;
				GCC_WARN_64_TO_32_BIT_CONVERSION = YES;
				GCC_WARN_ABOUT_RETURN_TYPE = YES_ERROR;
				GCC_WARN_UNDECLARED_SELECTOR = YES;
				GCC_WARN_UNINITIALIZED_AUTOS = YES_AGGRESSIVE;
				GCC_WARN_UNUSED_FUNCTION = YES;
				GCC_WARN_UNUSED_VARIABLE = YES;
				IPHONEOS_DEPLOYMENT_TARGET = 15.0;
				MTL_ENABLE_DEBUG_INFO = NO;
				MTL_FAST_MATH = YES;
				SDKROOT = iphoneos;
				SWIFT_COMPILATION_MODE = wholemodule;
				SWIFT_OPTIMIZATION_LEVEL = "-O";
				VALIDATE_PRODUCT = YES;
			};
			name = Release;
		};
		A95E8F36272597E100D52B24 /* Debug */ = {
			isa = XCBuildConfiguration;
			buildSettings = {
				ASSETCATALOG_COMPILER_APPICON_NAME = AppIcon;
				ASSETCATALOG_COMPILER_GLOBAL_ACCENT_COLOR_NAME = AccentColor;
				CODE_SIGN_STYLE = Automatic;
				CURRENT_PROJECT_VERSION = 1;
				DEVELOPMENT_ASSET_PATHS = "\"GTD/Preview Content\"";
				DEVELOPMENT_TEAM = XHRWYM4T65;
				ENABLE_PREVIEWS = YES;
				GENERATE_INFOPLIST_FILE = YES;
				INFOPLIST_KEY_UIApplicationSceneManifest_Generation = YES;
				INFOPLIST_KEY_UIApplicationSupportsIndirectInputEvents = YES;
				INFOPLIST_KEY_UILaunchScreen_Generation = YES;
				INFOPLIST_KEY_UISupportedInterfaceOrientations_iPad = "UIInterfaceOrientationPortrait UIInterfaceOrientationPortraitUpsideDown UIInterfaceOrientationLandscapeLeft UIInterfaceOrientationLandscapeRight";
				INFOPLIST_KEY_UISupportedInterfaceOrientations_iPhone = "UIInterfaceOrientationPortrait UIInterfaceOrientationLandscapeLeft UIInterfaceOrientationLandscapeRight";
				IPHONEOS_DEPLOYMENT_TARGET = 15.0;
				LD_RUNPATH_SEARCH_PATHS = (
					"$(inherited)",
					"@executable_path/Frameworks",
				);
				MARKETING_VERSION = 1.0;
				PRODUCT_BUNDLE_IDENTIFIER = heartsker.GTD;
				PRODUCT_NAME = "$(TARGET_NAME)";
				SWIFT_EMIT_LOC_STRINGS = YES;
				SWIFT_VERSION = 5.0;
				TARGETED_DEVICE_FAMILY = "1,2";
			};
			name = Debug;
		};
		A95E8F37272597E100D52B24 /* Release */ = {
			isa = XCBuildConfiguration;
			buildSettings = {
				ASSETCATALOG_COMPILER_APPICON_NAME = AppIcon;
				ASSETCATALOG_COMPILER_GLOBAL_ACCENT_COLOR_NAME = AccentColor;
				CODE_SIGN_STYLE = Automatic;
				CURRENT_PROJECT_VERSION = 1;
				DEVELOPMENT_ASSET_PATHS = "\"GTD/Preview Content\"";
				DEVELOPMENT_TEAM = XHRWYM4T65;
				ENABLE_PREVIEWS = YES;
				GENERATE_INFOPLIST_FILE = YES;
				INFOPLIST_KEY_UIApplicationSceneManifest_Generation = YES;
				INFOPLIST_KEY_UIApplicationSupportsIndirectInputEvents = YES;
				INFOPLIST_KEY_UILaunchScreen_Generation = YES;
				INFOPLIST_KEY_UISupportedInterfaceOrientations_iPad = "UIInterfaceOrientationPortrait UIInterfaceOrientationPortraitUpsideDown UIInterfaceOrientationLandscapeLeft UIInterfaceOrientationLandscapeRight";
				INFOPLIST_KEY_UISupportedInterfaceOrientations_iPhone = "UIInterfaceOrientationPortrait UIInterfaceOrientationLandscapeLeft UIInterfaceOrientationLandscapeRight";
				IPHONEOS_DEPLOYMENT_TARGET = 15.0;
				LD_RUNPATH_SEARCH_PATHS = (
					"$(inherited)",
					"@executable_path/Frameworks",
				);
				MARKETING_VERSION = 1.0;
				PRODUCT_BUNDLE_IDENTIFIER = heartsker.GTD;
				PRODUCT_NAME = "$(TARGET_NAME)";
				SWIFT_EMIT_LOC_STRINGS = YES;
				SWIFT_VERSION = 5.0;
				TARGETED_DEVICE_FAMILY = "1,2";
			};
			name = Release;
		};
		A95E8F39272597E100D52B24 /* Debug */ = {
			isa = XCBuildConfiguration;
			buildSettings = {
				ALWAYS_EMBED_SWIFT_STANDARD_LIBRARIES = YES;
				BUNDLE_LOADER = "$(TEST_HOST)";
				CODE_SIGN_STYLE = Automatic;
				CURRENT_PROJECT_VERSION = 1;
				DEVELOPMENT_TEAM = XHRWYM4T65;
				GENERATE_INFOPLIST_FILE = YES;
				IPHONEOS_DEPLOYMENT_TARGET = 15.0;
				LD_RUNPATH_SEARCH_PATHS = (
					"$(inherited)",
					"@executable_path/Frameworks",
					"@loader_path/Frameworks",
				);
				MARKETING_VERSION = 1.0;
				PRODUCT_BUNDLE_IDENTIFIER = heartsker.GTDTests;
				PRODUCT_NAME = "$(TARGET_NAME)";
				SWIFT_EMIT_LOC_STRINGS = NO;
				SWIFT_VERSION = 5.0;
				TARGETED_DEVICE_FAMILY = "1,2";
				TEST_HOST = "$(BUILT_PRODUCTS_DIR)/GTD.app/GTD";
			};
			name = Debug;
		};
		A95E8F3A272597E100D52B24 /* Release */ = {
			isa = XCBuildConfiguration;
			buildSettings = {
				ALWAYS_EMBED_SWIFT_STANDARD_LIBRARIES = YES;
				BUNDLE_LOADER = "$(TEST_HOST)";
				CODE_SIGN_STYLE = Automatic;
				CURRENT_PROJECT_VERSION = 1;
				DEVELOPMENT_TEAM = XHRWYM4T65;
				GENERATE_INFOPLIST_FILE = YES;
				IPHONEOS_DEPLOYMENT_TARGET = 15.0;
				LD_RUNPATH_SEARCH_PATHS = (
					"$(inherited)",
					"@executable_path/Frameworks",
					"@loader_path/Frameworks",
				);
				MARKETING_VERSION = 1.0;
				PRODUCT_BUNDLE_IDENTIFIER = heartsker.GTDTests;
				PRODUCT_NAME = "$(TARGET_NAME)";
				SWIFT_EMIT_LOC_STRINGS = NO;
				SWIFT_VERSION = 5.0;
				TARGETED_DEVICE_FAMILY = "1,2";
				TEST_HOST = "$(BUILT_PRODUCTS_DIR)/GTD.app/GTD";
			};
			name = Release;
		};
		A95E8F3C272597E100D52B24 /* Debug */ = {
			isa = XCBuildConfiguration;
			buildSettings = {
				ALWAYS_EMBED_SWIFT_STANDARD_LIBRARIES = YES;
				CODE_SIGN_STYLE = Automatic;
				CURRENT_PROJECT_VERSION = 1;
				DEVELOPMENT_TEAM = XHRWYM4T65;
				GENERATE_INFOPLIST_FILE = YES;
				LD_RUNPATH_SEARCH_PATHS = (
					"$(inherited)",
					"@executable_path/Frameworks",
					"@loader_path/Frameworks",
				);
				MARKETING_VERSION = 1.0;
				PRODUCT_BUNDLE_IDENTIFIER = heartsker.GTDUITests;
				PRODUCT_NAME = "$(TARGET_NAME)";
				SWIFT_EMIT_LOC_STRINGS = NO;
				SWIFT_VERSION = 5.0;
				TARGETED_DEVICE_FAMILY = "1,2";
				TEST_TARGET_NAME = GTD;
			};
			name = Debug;
		};
		A95E8F3D272597E100D52B24 /* Release */ = {
			isa = XCBuildConfiguration;
			buildSettings = {
				ALWAYS_EMBED_SWIFT_STANDARD_LIBRARIES = YES;
				CODE_SIGN_STYLE = Automatic;
				CURRENT_PROJECT_VERSION = 1;
				DEVELOPMENT_TEAM = XHRWYM4T65;
				GENERATE_INFOPLIST_FILE = YES;
				LD_RUNPATH_SEARCH_PATHS = (
					"$(inherited)",
					"@executable_path/Frameworks",
					"@loader_path/Frameworks",
				);
				MARKETING_VERSION = 1.0;
				PRODUCT_BUNDLE_IDENTIFIER = heartsker.GTDUITests;
				PRODUCT_NAME = "$(TARGET_NAME)";
				SWIFT_EMIT_LOC_STRINGS = NO;
				SWIFT_VERSION = 5.0;
				TARGETED_DEVICE_FAMILY = "1,2";
				TEST_TARGET_NAME = GTD;
			};
			name = Release;
		};
/* End XCBuildConfiguration section */

/* Begin XCConfigurationList section */
		A95E8F07272597DD00D52B24 /* Build configuration list for PBXProject "GTD" */ = {
			isa = XCConfigurationList;
			buildConfigurations = (
				A95E8F33272597E100D52B24 /* Debug */,
				A95E8F34272597E100D52B24 /* Release */,
			);
			defaultConfigurationIsVisible = 0;
			defaultConfigurationName = Release;
		};
		A95E8F35272597E100D52B24 /* Build configuration list for PBXNativeTarget "GTD" */ = {
			isa = XCConfigurationList;
			buildConfigurations = (
				A95E8F36272597E100D52B24 /* Debug */,
				A95E8F37272597E100D52B24 /* Release */,
			);
			defaultConfigurationIsVisible = 0;
			defaultConfigurationName = Release;
		};
		A95E8F38272597E100D52B24 /* Build configuration list for PBXNativeTarget "GTDTests" */ = {
			isa = XCConfigurationList;
			buildConfigurations = (
				A95E8F39272597E100D52B24 /* Debug */,
				A95E8F3A272597E100D52B24 /* Release */,
			);
			defaultConfigurationIsVisible = 0;
			defaultConfigurationName = Release;
		};
		A95E8F3B272597E100D52B24 /* Build configuration list for PBXNativeTarget "GTDUITests" */ = {
			isa = XCConfigurationList;
			buildConfigurations = (
				A95E8F3C272597E100D52B24 /* Debug */,
				A95E8F3D272597E100D52B24 /* Release */,
			);
			defaultConfigurationIsVisible = 0;
			defaultConfigurationName = Release;
		};
/* End XCConfigurationList section */

/* Begin XCVersionGroup section */
		A95E8F1A272597E100D52B24 /* GTD.xcdatamodeld */ = {
			isa = XCVersionGroup;
			children = (
				A95E8F1B272597E100D52B24 /* GTD.xcdatamodel */,
			);
			currentVersion = A95E8F1B272597E100D52B24 /* GTD.xcdatamodel */;
			path = GTD.xcdatamodeld;
			sourceTree = "<group>";
			versionGroupType = wrapper.xcdatamodel;
		};
/* End XCVersionGroup section */
	};
	rootObject = A95E8F04272597DD00D52B24 /* Project object */;
}
